// !$*UTF8*$!
{
	archiveVersion = 1;
	classes = {
	};
	objectVersion = 46;
	objects = {

/* Begin PBXBuildFile section */
		D6DAEF5D1E7A2C4F0020DD8B /* main.m in Sources */ = {isa = PBXBuildFile; fileRef = D6DAEF5C1E7A2C4F0020DD8B /* main.m */; };
		D6DAEF601E7A2C4F0020DD8B /* AppDelegate.m in Sources */ = {isa = PBXBuildFile; fileRef = D6DAEF5F1E7A2C4F0020DD8B /* AppDelegate.m */; };
		D6DAEF681E7A2C500020DD8B /* Assets.xcassets in Resources */ = {isa = PBXBuildFile; fileRef = D6DAEF671E7A2C500020DD8B /* Assets.xcassets */; };
		D6DAEF6B1E7A2C500020DD8B /* LaunchScreen.storyboard in Resources */ = {isa = PBXBuildFile; fileRef = D6DAEF691E7A2C500020DD8B /* LaunchScreen.storyboard */; };
		D6DAEF751E7A2F4F0020DD8B /* MainViewController.m in Sources */ = {isa = PBXBuildFile; fileRef = D6DAEF731E7A2F4F0020DD8B /* MainViewController.m */; };
		D6DAEF761E7A2F4F0020DD8B /* MainViewController.xib in Resources */ = {isa = PBXBuildFile; fileRef = D6DAEF741E7A2F4F0020DD8B /* MainViewController.xib */; };
/* End PBXBuildFile section */

/* Begin PBXFileReference section */
		D6DAEF581E7A2C4F0020DD8B /* VideoPlayer-Demo.app */ = {isa = PBXFileReference; explicitFileType = wrapper.application; includeInIndex = 0; path = "VideoPlayer-Demo.app"; sourceTree = BUILT_PRODUCTS_DIR; };
		D6DAEF5C1E7A2C4F0020DD8B /* main.m */ = {isa = PBXFileReference; lastKnownFileType = sourcecode.c.objc; path = main.m; sourceTree = "<group>"; };
		D6DAEF5E1E7A2C4F0020DD8B /* AppDelegate.h */ = {isa = PBXFileReference; lastKnownFileType = sourcecode.c.h; path = AppDelegate.h; sourceTree = "<group>"; };
		D6DAEF5F1E7A2C4F0020DD8B /* AppDelegate.m */ = {isa = PBXFileReference; lastKnownFileType = sourcecode.c.objc; path = AppDelegate.m; sourceTree = "<group>"; };
		D6DAEF671E7A2C500020DD8B /* Assets.xcassets */ = {isa = PBXFileReference; lastKnownFileType = folder.assetcatalog; path = Assets.xcassets; sourceTree = "<group>"; };
		D6DAEF6A1E7A2C500020DD8B /* Base */ = {isa = PBXFileReference; lastKnownFileType = file.storyboard; name = Base; path = Base.lproj/LaunchScreen.storyboard; sourceTree = "<group>"; };
		D6DAEF6C1E7A2C500020DD8B /* Info.plist */ = {isa = PBXFileReference; lastKnownFileType = text.plist.xml; path = Info.plist; sourceTree = "<group>"; };
		D6DAEF721E7A2F4F0020DD8B /* MainViewController.h */ = {isa = PBXFileReference; fileEncoding = 4; lastKnownFileType = sourcecode.c.h; path = MainViewController.h; sourceTree = "<group>"; };
		D6DAEF731E7A2F4F0020DD8B /* MainViewController.m */ = {isa = PBXFileReference; fileEncoding = 4; lastKnownFileType = sourcecode.c.objc; path = MainViewController.m; sourceTree = "<group>"; };
		D6DAEF741E7A2F4F0020DD8B /* MainViewController.xib */ = {isa = PBXFileReference; fileEncoding = 4; lastKnownFileType = file.xib; path = MainViewController.xib; sourceTree = "<group>"; };
/* End PBXFileReference section */

/* Begin PBXFrameworksBuildPhase section */
		D6DAEF551E7A2C4F0020DD8B /* Frameworks */ = {
			isa = PBXFrameworksBuildPhase;
			buildActionMask = 2147483647;
			files = (
			);
			runOnlyForDeploymentPostprocessing = 0;
		};
/* End PBXFrameworksBuildPhase section */

/* Begin PBXGroup section */
		D6DAEF4F1E7A2C4E0020DD8B = {
			isa = PBXGroup;
			children = (
				D6DAEF5A1E7A2C4F0020DD8B /* VideoPlayer-Demo */,
				D6DAEF591E7A2C4F0020DD8B /* Products */,
			);
			sourceTree = "<group>";
		};
		D6DAEF591E7A2C4F0020DD8B /* Products */ = {
			isa = PBXGroup;
			children = (
				D6DAEF581E7A2C4F0020DD8B /* VideoPlayer-Demo.app */,
			);
			name = Products;
			sourceTree = "<group>";
		};
		D6DAEF5A1E7A2C4F0020DD8B /* VideoPlayer-Demo */ = {
			isa = PBXGroup;
			children = (
				D6DAEF5E1E7A2C4F0020DD8B /* AppDelegate.h */,
				D6DAEF5F1E7A2C4F0020DD8B /* AppDelegate.m */,
				D6DAEF721E7A2F4F0020DD8B /* MainViewController.h */,
				D6DAEF731E7A2F4F0020DD8B /* MainViewController.m */,
				D6DAEF741E7A2F4F0020DD8B /* MainViewController.xib */,
				D6DAEF671E7A2C500020DD8B /* Assets.xcassets */,
				D6DAEF691E7A2C500020DD8B /* LaunchScreen.storyboard */,
				D6DAEF6C1E7A2C500020DD8B /* Info.plist */,
				D6DAEF5B1E7A2C4F0020DD8B /* Supporting Files */,
			);
			path = "VideoPlayer-Demo";
			sourceTree = "<group>";
		};
		D6DAEF5B1E7A2C4F0020DD8B /* Supporting Files */ = {
			isa = PBXGroup;
			children = (
				D6DAEF5C1E7A2C4F0020DD8B /* main.m */,
			);
			name = "Supporting Files";
			sourceTree = "<group>";
		};
/* End PBXGroup section */

/* Begin PBXNativeTarget section */
		D6DAEF571E7A2C4F0020DD8B /* VideoPlayer-Demo */ = {
			isa = PBXNativeTarget;
			buildConfigurationList = D6DAEF6F1E7A2C500020DD8B /* Build configuration list for PBXNativeTarget "VideoPlayer-Demo" */;
			buildPhases = (
				D6DAEF541E7A2C4F0020DD8B /* Sources */,
				D6DAEF551E7A2C4F0020DD8B /* Frameworks */,
				D6DAEF561E7A2C4F0020DD8B /* Resources */,
			);
			buildRules = (
			);
			dependencies = (
			);
			name = "VideoPlayer-Demo";
			productName = "VideoPlayer-Demo";
			productReference = D6DAEF581E7A2C4F0020DD8B /* VideoPlayer-Demo.app */;
			productType = "com.apple.product-type.application";
		};
/* End PBXNativeTarget section */

/* Begin PBXProject section */
		D6DAEF501E7A2C4E0020DD8B /* Project object */ = {
			isa = PBXProject;
			attributes = {
				LastUpgradeCheck = 0820;
				ORGANIZATIONNAME = Encoder;
				TargetAttributes = {
					D6DAEF571E7A2C4F0020DD8B = {
						CreatedOnToolsVersion = 8.2.1;
						DevelopmentTeam = ADNAZ8362H;
						ProvisioningStyle = Automatic;
					};
				};
			};
			buildConfigurationList = D6DAEF531E7A2C4E0020DD8B /* Build configuration list for PBXProject "VideoPlayer-Demo" */;
			compatibilityVersion = "Xcode 3.2";
			developmentRegion = English;
			hasScannedForEncodings = 0;
			knownRegions = (
				en,
				Base,
			);
			mainGroup = D6DAEF4F1E7A2C4E0020DD8B;
			productRefGroup = D6DAEF591E7A2C4F0020DD8B /* Products */;
			projectDirPath = "";
			projectRoot = "";
			targets = (
				D6DAEF571E7A2C4F0020DD8B /* VideoPlayer-Demo */,
			);
		};
/* End PBXProject section */

/* Begin PBXResourcesBuildPhase section */
		D6DAEF561E7A2C4F0020DD8B /* Resources */ = {
			isa = PBXResourcesBuildPhase;
			buildActionMask = 2147483647;
			files = (
				D6DAEF6B1E7A2C500020DD8B /* LaunchScreen.storyboard in Resources */,
				D6DAEF761E7A2F4F0020DD8B /* MainViewController.xib in Resources */,
				D6DAEF681E7A2C500020DD8B /* Assets.xcassets in Resources */,
			);
			runOnlyForDeploymentPostprocessing = 0;
		};
/* End PBXResourcesBuildPhase section */

/* Begin PBXSourcesBuildPhase section */
		D6DAEF541E7A2C4F0020DD8B /* Sources */ = {
			isa = PBXSourcesBuildPhase;
			buildActionMask = 2147483647;
			files = (
				D6DAEF601E7A2C4F0020DD8B /* AppDelegate.m in Sources */,
				D6DAEF751E7A2F4F0020DD8B /* MainViewController.m in Sources */,
				D6DAEF5D1E7A2C4F0020DD8B /* main.m in Sources */,
			);
			runOnlyForDeploymentPostprocessing = 0;
		};
/* End PBXSourcesBuildPhase section */

/* Begin PBXVariantGroup section */
		D6DAEF691E7A2C500020DD8B /* LaunchScreen.storyboard */ = {
			isa = PBXVariantGroup;
			children = (
				D6DAEF6A1E7A2C500020DD8B /* Base */,
			);
			name = LaunchScreen.storyboard;
			sourceTree = "<group>";
		};
/* End PBXVariantGroup section */

/* Begin XCBuildConfiguration section */
		D6DAEF6D1E7A2C500020DD8B /* Debug */ = {
			isa = XCBuildConfiguration;
			buildSettings = {
				ALWAYS_SEARCH_USER_PATHS = NO;
				CLANG_ANALYZER_NONNULL = YES;
				CLANG_CXX_LANGUAGE_STANDARD = "gnu++0x";
				CLANG_CXX_LIBRARY = "libc++";
				CLANG_ENABLE_MODULES = YES;
				CLANG_ENABLE_OBJC_ARC = YES;
				CLANG_WARN_BOOL_CONVERSION = YES;
				CLANG_WARN_CONSTANT_CONVERSION = YES;
				CLANG_WARN_DIRECT_OBJC_ISA_USAGE = YES_ERROR;
				CLANG_WARN_DOCUMENTATION_COMMENTS = YES;
				CLANG_WARN_EMPTY_BODY = YES;
				CLANG_WARN_ENUM_CONVERSION = YES;
				CLANG_WARN_INFINITE_RECURSION = YES;
				CLANG_WARN_INT_CONVERSION = YES;
				CLANG_WARN_OBJC_ROOT_CLASS = YES_ERROR;
				CLANG_WARN_SUSPICIOUS_MOVE = YES;
				CLANG_WARN_UNREACHABLE_CODE = YES;
				CLANG_WARN__DUPLICATE_METHOD_MATCH = YES;
				"CODE_SIGN_IDENTITY[sdk=iphoneos*]" = "iPhone Developer";
				COPY_PHASE_STRIP = NO;
				DEBUG_INFORMATION_FORMAT = dwarf;
				ENABLE_STRICT_OBJC_MSGSEND = YES;
				ENABLE_TESTABILITY = YES;
				GCC_C_LANGUAGE_STANDARD = gnu99;
				GCC_DYNAMIC_NO_PIC = NO;
				GCC_NO_COMMON_BLOCKS = YES;
				GCC_OPTIMIZATION_LEVEL = 0;
				GCC_PREPROCESSOR_DEFINITIONS = (
					"DEBUG=1",
					"$(inherited)",
				);
				GCC_WARN_64_TO_32_BIT_CONVERSION = YES;
				GCC_WARN_ABOUT_RETURN_TYPE = YES_ERROR;
				GCC_WARN_UNDECLARED_SELECTOR = YES;
				GCC_WARN_UNINITIALIZED_AUTOS = YES_AGGRESSIVE;
				GCC_WARN_UNUSED_FUNCTION = YES;
				GCC_WARN_UNUSED_VARIABLE = YES;
				IPHONEOS_DEPLOYMENT_TARGET = 10.2;
				MTL_ENABLE_DEBUG_INFO = YES;
				ONLY_ACTIVE_ARCH = YES;
				SDKROOT = iphoneos;
				TARGETED_DEVICE_FAMILY = "1,2";
			};
			name = Debug;
		};
		D6DAEF6E1E7A2C500020DD8B /* Release */ = {
			isa = XCBuildConfiguration;
			buildSettings = {
				ALWAYS_SEARCH_USER_PATHS = NO;
				CLANG_ANALYZER_NONNULL = YES;
				CLANG_CXX_LANGUAGE_STANDARD = "gnu++0x";
				CLANG_CXX_LIBRARY = "libc++";
				CLANG_ENABLE_MODULES = YES;
				CLANG_ENABLE_OBJC_ARC = YES;
				CLANG_WARN_BOOL_CONVERSION = YES;
				CLANG_WARN_CONSTANT_CONVERSION = YES;
				CLANG_WARN_DIRECT_OBJC_ISA_USAGE = YES_ERROR;
				CLANG_WARN_DOCUMENTATION_COMMENTS = YES;
				CLANG_WARN_EMPTY_BODY = YES;
				CLANG_WARN_ENUM_CONVERSION = YES;
				CLANG_WARN_INFINITE_RECURSION = YES;
				CLANG_WARN_INT_CONVERSION = YES;
				CLANG_WARN_OBJC_ROOT_CLASS = YES_ERROR;
				CLANG_WARN_SUSPICIOUS_MOVE = YES;
				CLANG_WARN_UNREACHABLE_CODE = YES;
				CLANG_WARN__DUPLICATE_METHOD_MATCH = YES;
				"CODE_SIGN_IDENTITY[sdk=iphoneos*]" = "iPhone Developer";
				COPY_PHASE_STRIP = NO;
				DEBUG_INFORMATION_FORMAT = "dwarf-with-dsym";
				ENABLE_NS_ASSERTIONS = NO;
				ENABLE_STRICT_OBJC_MSGSEND = YES;
				GCC_C_LANGUAGE_STANDARD = gnu99;
				GCC_NO_COMMON_BLOCKS = YES;
				GCC_WARN_64_TO_32_BIT_CONVERSION = YES;
				GCC_WARN_ABOUT_RETURN_TYPE = YES_ERROR;
				GCC_WARN_UNDECLARED_SELECTOR = YES;
				GCC_WARN_UNINITIALIZED_AUTOS = YES_AGGRESSIVE;
				GCC_WARN_UNUSED_FUNCTION = YES;
				GCC_WARN_UNUSED_VARIABLE = YES;
				IPHONEOS_DEPLOYMENT_TARGET = 10.2;
				MTL_ENABLE_DEBUG_INFO = NO;
				SDKROOT = iphoneos;
				TARGETED_DEVICE_FAMILY = "1,2";
				VALIDATE_PRODUCT = YES;
			};
			name = Release;
		};
		D6DAEF701E7A2C500020DD8B /* Debug */ = {
			isa = XCBuildConfiguration;
			buildSettings = {
				ASSETCATALOG_COMPILER_APPICON_NAME = AppIcon;
				DEVELOPMENT_TEAM = ADNAZ8362H;
				INFOPLIST_FILE = "VideoPlayer-Demo/Info.plist";
				LD_RUNPATH_SEARCH_PATHS = "$(inherited) @executable_path/Frameworks";
				PRODUCT_BUNDLE_IDENTIFIER = "com.Encoder.VideoPlayer-Demo";
				PRODUCT_NAME = "$(TARGET_NAME)";
			};
			name = Debug;
		};
		D6DAEF711E7A2C500020DD8B /* Release */ = {
			isa = XCBuildConfiguration;
			buildSettings = {
				ASSETCATALOG_COMPILER_APPICON_NAME = AppIcon;
				DEVELOPMENT_TEAM = ADNAZ8362H;
				INFOPLIST_FILE = "VideoPlayer-Demo/Info.plist";
				LD_RUNPATH_SEARCH_PATHS = "$(inherited) @executable_path/Frameworks";
				PRODUCT_BUNDLE_IDENTIFIER = "com.Encoder.VideoPlayer-Demo";
				PRODUCT_NAME = "$(TARGET_NAME)";
			};
			name = Release;
		};
/* End XCBuildConfiguration section */

/* Begin XCConfigurationList section */
		D6DAEF531E7A2C4E0020DD8B /* Build configuration list for PBXProject "VideoPlayer-Demo" */ = {
			isa = XCConfigurationList;
			buildConfigurations = (
				D6DAEF6D1E7A2C500020DD8B /* Debug */,
				D6DAEF6E1E7A2C500020DD8B /* Release */,
			);
			defaultConfigurationIsVisible = 0;
			defaultConfigurationName = Release;
		};
		D6DAEF6F1E7A2C500020DD8B /* Build configuration list for PBXNativeTarget "VideoPlayer-Demo" */ = {
			isa = XCConfigurationList;
			buildConfigurations = (
				D6DAEF701E7A2C500020DD8B /* Debug */,
				D6DAEF711E7A2C500020DD8B /* Release */,
			);
			defaultConfigurationIsVisible = 0;
			defaultConfigurationName = Release;
		};
/* End XCConfigurationList section */
	};
	rootObject = D6DAEF501E7A2C4E0020DD8B /* Project object */;
}
